
Microsoft Visual Studio Solution File, Format Version 12.00
# Visual Studio Version 17
VisualStudioVersion = 17.3.32819.101
MinimumVisualStudioVersion = 10.0.40219.1
Project("{FAE04EC0-301F-11D3-BF4B-00C04F79EFBC}") = "pryPozzoSp3", "pryPozzoSp3.csproj", "{44065ACE-1D9D-44B6-9F70-CBEB665831EE}"
EndProject
Global
	GlobalSection(SolutionConfigurationPlatforms) = preSolution
		Debug|Any CPU = Debug|Any CPU
		Release|Any CPU = Release|Any CPU
	EndGlobalSection
	GlobalSection(ProjectConfigurationPlatforms) = postSolution
		{44065ACE-1D9D-44B6-9F70-CBEB665831EE}.Debug|Any CPU.ActiveCfg = Debug|Any CPU
		{44065ACE-1D9D-44B6-9F70-CBEB665831EE}.Debug|Any CPU.Build.0 = Debug|Any CPU
		{44065ACE-1D9D-44B6-9F70-CBEB665831EE}.Release|Any CPU.ActiveCfg = Release|Any CPU
		{44065ACE-1D9D-44B6-9F70-CBEB665831EE}.Release|Any CPU.Build.0 = Release|Any CPU
	EndGlobalSection
	GlobalSection(SolutionProperties) = preSolution
		HideSolutionNode = FALSE
	EndGlobalSection
	GlobalSection(ExtensibilityGlobals) = postSolution
		SolutionGuid = {712F84A3-7FDC-416D-B8D4-1211DB242A77}
	EndGlobalSection
EndGlobal
